// !$*UTF8*$!
{
	archiveVersion = 1;
	classes = {
	};
	objectVersion = 77;
	objects = {

/* Begin PBXContainerItemProxy section */
		3FD9913D2E1ABA6900445EC2 /* PBXContainerItemProxy */ = {
			isa = PBXContainerItemProxy;
			containerPortal = 3FD9911E2E1ABA6700445EC2 /* Project object */;
			proxyType = 1;
			remoteGlobalIDString = 3FD991252E1ABA6700445EC2;
			remoteInfo = sp_transaction_signing;
		};
		3FD991472E1ABA6900445EC2 /* PBXContainerItemProxy */ = {
			isa = PBXContainerItemProxy;
			containerPortal = 3FD9911E2E1ABA6700445EC2 /* Project object */;
			proxyType = 1;
			remoteGlobalIDString = 3FD991252E1ABA6700445EC2;
			remoteInfo = sp_transaction_signing;
		};
/* End PBXContainerItemProxy section */

/* Begin PBXFileReference section */
		3FD991262E1ABA6700445EC2 /* sp_transaction_signing.app */ = {isa = PBXFileReference; explicitFileType = wrapper.application; includeInIndex = 0; path = sp_transaction_signing.app; sourceTree = BUILT_PRODUCTS_DIR; };
		3FD9913C2E1ABA6900445EC2 /* sp_transaction_signingTests.xctest */ = {isa = PBXFileReference; explicitFileType = wrapper.cfbundle; includeInIndex = 0; path = sp_transaction_signingTests.xctest; sourceTree = BUILT_PRODUCTS_DIR; };
		3FD991462E1ABA6900445EC2 /* sp_transaction_signingUITests.xctest */ = {isa = PBXFileReference; explicitFileType = wrapper.cfbundle; includeInIndex = 0; path = sp_transaction_signingUITests.xctest; sourceTree = BUILT_PRODUCTS_DIR; };
/* End PBXFileReference section */

/* Begin PBXFileSystemSynchronizedBuildFileExceptionSet section */
		3FD9914E2E1ABA6900445EC2 /* Exceptions for "sp_transaction_signing" folder in "sp_transaction_signing" target */ = {
			isa = PBXFileSystemSynchronizedBuildFileExceptionSet;
			membershipExceptions = (
				Info.plist,
			);
			target = 3FD991252E1ABA6700445EC2 /* sp_transaction_signing */;
		};
/* End PBXFileSystemSynchronizedBuildFileExceptionSet section */

/* Begin PBXFileSystemSynchronizedRootGroup section */
		3FD991282E1ABA6700445EC2 /* sp_transaction_signing */ = {
			isa = PBXFileSystemSynchronizedRootGroup;
			exceptions = (
				3FD9914E2E1ABA6900445EC2 /* Exceptions for "sp_transaction_signing" folder in "sp_transaction_signing" target */,
			);
			path = sp_transaction_signing;
			sourceTree = "<group>";
		};
		3FD9913F2E1ABA6900445EC2 /* sp_transaction_signingTests */ = {
			isa = PBXFileSystemSynchronizedRootGroup;
			path = sp_transaction_signingTests;
			sourceTree = "<group>";
		};
		3FD991492E1ABA6900445EC2 /* sp_transaction_signingUITests */ = {
			isa = PBXFileSystemSynchronizedRootGroup;
			path = sp_transaction_signingUITests;
			sourceTree = "<group>";
		};
/* End PBXFileSystemSynchronizedRootGroup section */

/* Begin PBXFrameworksBuildPhase section */
		3FD991232E1ABA6700445EC2 /* Frameworks */ = {
			isa = PBXFrameworksBuildPhase;
			buildActionMask = 2147483647;
			files = (
			);
			runOnlyForDeploymentPostprocessing = 0;
		};
		3FD991392E1ABA6900445EC2 /* Frameworks */ = {
			isa = PBXFrameworksBuildPhase;
			buildActionMask = 2147483647;
			files = (
			);
			runOnlyForDeploymentPostprocessing = 0;
		};
		3FD991432E1ABA6900445EC2 /* Frameworks */ = {
			isa = PBXFrameworksBuildPhase;
			buildActionMask = 2147483647;
			files = (
			);
			runOnlyForDeploymentPostprocessing = 0;
		};
/* End PBXFrameworksBuildPhase section */

/* Begin PBXGroup section */
		3FD9911D2E1ABA6600445EC2 = {
			isa = PBXGroup;
			children = (
				3FD991282E1ABA6700445EC2 /* sp_transaction_signing */,
				3FD9913F2E1ABA6900445EC2 /* sp_transaction_signingTests */,
				3FD991492E1ABA6900445EC2 /* sp_transaction_signingUITests */,
				3FD991272E1ABA6700445EC2 /* Products */,
			);
			sourceTree = "<group>";
		};
		3FD991272E1ABA6700445EC2 /* Products */ = {
			isa = PBXGroup;
			children = (
				3FD991262E1ABA6700445EC2 /* sp_transaction_signing.app */,
				3FD9913C2E1ABA6900445EC2 /* sp_transaction_signingTests.xctest */,
				3FD991462E1ABA6900445EC2 /* sp_transaction_signingUITests.xctest */,
			);
			name = Products;
			sourceTree = "<group>";
		};
/* End PBXGroup section */

/* Begin PBXNativeTarget section */
		3FD991252E1ABA6700445EC2 /* sp_transaction_signing */ = {
			isa = PBXNativeTarget;
			buildConfigurationList = 3FD9914F2E1ABA6900445EC2 /* Build configuration list for PBXNativeTarget "sp_transaction_signing" */;
			buildPhases = (
				3FD991222E1ABA6700445EC2 /* Sources */,
				3FD991232E1ABA6700445EC2 /* Frameworks */,
				3FD991242E1ABA6700445EC2 /* Resources */,
			);
			buildRules = (
			);
			dependencies = (
			);
			fileSystemSynchronizedGroups = (
				3FD991282E1ABA6700445EC2 /* sp_transaction_signing */,
			);
			name = sp_transaction_signing;
			packageProductDependencies = (
			);
			productName = sp_transaction_signing;
			productReference = 3FD991262E1ABA6700445EC2 /* sp_transaction_signing.app */;
			productType = "com.apple.product-type.application";
		};
		3FD9913B2E1ABA6900445EC2 /* sp_transaction_signingTests */ = {
			isa = PBXNativeTarget;
			buildConfigurationList = 3FD991542E1ABA6900445EC2 /* Build configuration list for PBXNativeTarget "sp_transaction_signingTests" */;
			buildPhases = (
				3FD991382E1ABA6900445EC2 /* Sources */,
				3FD991392E1ABA6900445EC2 /* Frameworks */,
				3FD9913A2E1ABA6900445EC2 /* Resources */,
			);
			buildRules = (
			);
			dependencies = (
				3FD9913E2E1ABA6900445EC2 /* PBXTargetDependency */,
			);
			fileSystemSynchronizedGroups = (
				3FD9913F2E1ABA6900445EC2 /* sp_transaction_signingTests */,
			);
			name = sp_transaction_signingTests;
			packageProductDependencies = (
			);
			productName = sp_transaction_signingTests;
			productReference = 3FD9913C2E1ABA6900445EC2 /* sp_transaction_signingTests.xctest */;
			productType = "com.apple.product-type.bundle.unit-test";
		};
		3FD991452E1ABA6900445EC2 /* sp_transaction_signingUITests */ = {
			isa = PBXNativeTarget;
			buildConfigurationList = 3FD991572E1ABA6900445EC2 /* Build configuration list for PBXNativeTarget "sp_transaction_signingUITests" */;
			buildPhases = (
				3FD991422E1ABA6900445EC2 /* Sources */,
				3FD991432E1ABA6900445EC2 /* Frameworks */,
				3FD991442E1ABA6900445EC2 /* Resources */,
			);
			buildRules = (
			);
			dependencies = (
				3FD991482E1ABA6900445EC2 /* PBXTargetDependency */,
			);
			fileSystemSynchronizedGroups = (
				3FD991492E1ABA6900445EC2 /* sp_transaction_signingUITests */,
			);
			name = sp_transaction_signingUITests;
			packageProductDependencies = (
			);
			productName = sp_transaction_signingUITests;
			productReference = 3FD991462E1ABA6900445EC2 /* sp_transaction_signingUITests.xctest */;
			productType = "com.apple.product-type.bundle.ui-testing";
		};
/* End PBXNativeTarget section */

/* Begin PBXProject section */
		3FD9911E2E1ABA6700445EC2 /* Project object */ = {
			isa = PBXProject;
			attributes = {
				BuildIndependentTargetsInParallel = 1;
				LastSwiftUpdateCheck = 1640;
				LastUpgradeCheck = 1640;
				TargetAttributes = {
					3FD991252E1ABA6700445EC2 = {
						CreatedOnToolsVersion = 16.4;
					};
					3FD9913B2E1ABA6900445EC2 = {
						CreatedOnToolsVersion = 16.4;
						TestTargetID = 3FD991252E1ABA6700445EC2;
					};
					3FD991452E1ABA6900445EC2 = {
						CreatedOnToolsVersion = 16.4;
						TestTargetID = 3FD991252E1ABA6700445EC2;
					};
				};
			};
			buildConfigurationList = 3FD991212E1ABA6700445EC2 /* Build configuration list for PBXProject "sp_transaction_signing" */;
			developmentRegion = en;
			hasScannedForEncodings = 0;
			knownRegions = (
				en,
				Base,
			);
			mainGroup = 3FD9911D2E1ABA6600445EC2;
			minimizedProjectReferenceProxies = 1;
			preferredProjectObjectVersion = 77;
			productRefGroup = 3FD991272E1ABA6700445EC2 /* Products */;
			projectDirPath = "";
			projectRoot = "";
			targets = (
				3FD991252E1ABA6700445EC2 /* sp_transaction_signing */,
				3FD9913B2E1ABA6900445EC2 /* sp_transaction_signingTests */,
				3FD991452E1ABA6900445EC2 /* sp_transaction_signingUITests */,
			);
		};
/* End PBXProject section */

/* Begin PBXResourcesBuildPhase section */
		3FD991242E1ABA6700445EC2 /* Resources */ = {
			isa = PBXResourcesBuildPhase;
			buildActionMask = 2147483647;
			files = (
			);
			runOnlyForDeploymentPostprocessing = 0;
		};
		3FD9913A2E1ABA6900445EC2 /* Resources */ = {
			isa = PBXResourcesBuildPhase;
			buildActionMask = 2147483647;
			files = (
			);
			runOnlyForDeploymentPostprocessing = 0;
		};
		3FD991442E1ABA6900445EC2 /* Resources */ = {
			isa = PBXResourcesBuildPhase;
			buildActionMask = 2147483647;
			files = (
			);
			runOnlyForDeploymentPostprocessing = 0;
		};
/* End PBXResourcesBuildPhase section */

/* Begin PBXSourcesBuildPhase section */
		3FD991222E1ABA6700445EC2 /* Sources */ = {
			isa = PBXSourcesBuildPhase;
			buildActionMask = 2147483647;
			files = (
			);
			runOnlyForDeploymentPostprocessing = 0;
		};
		3FD991382E1ABA6900445EC2 /* Sources */ = {
			isa = PBXSourcesBuildPhase;
			buildActionMask = 2147483647;
			files = (
			);
			runOnlyForDeploymentPostprocessing = 0;
		};
		3FD991422E1ABA6900445EC2 /* Sources */ = {
			isa = PBXSourcesBuildPhase;
			buildActionMask = 2147483647;
			files = (
			);
			runOnlyForDeploymentPostprocessing = 0;
		};
/* End PBXSourcesBuildPhase section */

/* Begin PBXTargetDependency section */
		3FD9913E2E1ABA6900445EC2 /* PBXTargetDependency */ = {
			isa = PBXTargetDependency;
			target = 3FD991252E1ABA6700445EC2 /* sp_transaction_signing */;
			targetProxy = 3FD9913D2E1ABA6900445EC2 /* PBXContainerItemProxy */;
		};
		3FD991482E1ABA6900445EC2 /* PBXTargetDependency */ = {
			isa = PBXTargetDependency;
			target = 3FD991252E1ABA6700445EC2 /* sp_transaction_signing */;
			targetProxy = 3FD991472E1ABA6900445EC2 /* PBXContainerItemProxy */;
		};
/* End PBXTargetDependency section */

/* Begin XCBuildConfiguration section */
		3FD991502E1ABA6900445EC2 /* Debug */ = {
			isa = XCBuildConfiguration;
			buildSettings = {
				ASSETCATALOG_COMPILER_APPICON_NAME = AppIcon;
				ASSETCATALOG_COMPILER_GLOBAL_ACCENT_COLOR_NAME = AccentColor;
				CODE_SIGN_STYLE = Automatic;
				CURRENT_PROJECT_VERSION = 1;
				GENERATE_INFOPLIST_FILE = YES;
				INFOPLIST_FILE = sp_transaction_signing/Info.plist;
				INFOPLIST_KEY_UIApplicationSupportsIndirectInputEvents = YES;
				INFOPLIST_KEY_UILaunchStoryboardName = LaunchScreen;
				INFOPLIST_KEY_UIMainStoryboardFile = Main;
				INFOPLIST_KEY_UISupportedInterfaceOrientations_iPad = "UIInterfaceOrientationPortrait UIInterfaceOrientationPortraitUpsideDown UIInterfaceOrientationLandscapeLeft UIInterfaceOrientationLandscapeRight";
				INFOPLIST_KEY_UISupportedInterfaceOrientations_iPhone = "UIInterfaceOrientationPortrait UIInterfaceOrientationLandscapeLeft UIInterfaceOrientationLandscapeRight";
				LD_RUNPATH_SEARCH_PATHS = (
					"$(inherited)",
					"@executable_path/Frameworks",
				);
				MARKETING_VERSION = 1.0;
				PRODUCT_BUNDLE_IDENTIFIER = "com.bgkkd.sp-transaction-signing";
				PRODUCT_NAME = "$(TARGET_NAME)";
				SWIFT_EMIT_LOC_STRINGS = YES;
				SWIFT_VERSION = 5.0;
				TARGETED_DEVICE_FAMILY = "1,2";
			};
			name = Debug;
		};
		3FD991512E1ABA6900445EC2 /* Release */ = {
			isa = XCBuildConfiguration;
			buildSettings = {
				ASSETCATALOG_COMPILER_APPICON_NAME = AppIcon;
				ASSETCATALOG_COMPILER_GLOBAL_ACCENT_COLOR_NAME = AccentColor;
				CODE_SIGN_STYLE = Automatic;
				CURRENT_PROJECT_VERSION = 1;
				GENERATE_INFOPLIST_FILE = YES;
				INFOPLIST_FILE = sp_transaction_signing/Info.plist;
				INFOPLIST_KEY_UIApplicationSupportsIndirectInputEvents = YES;
				INFOPLIST_KEY_UILaunchStoryboardName = LaunchScreen;
				INFOPLIST_KEY_UIMainStoryboardFile = Main;
				INFOPLIST_KEY_UISupportedInterfaceOrientations_iPad = "UIInterfaceOrientationPortrait UIInterfaceOrientationPortraitUpsideDown UIInterfaceOrientationLandscapeLeft UIInterfaceOrientationLandscapeRight";
				INFOPLIST_KEY_UISupportedInterfaceOrientations_iPhone = "UIInterfaceOrientationPortrait UIInterfaceOrientationLandscapeLeft UIInterfaceOrientationLandscapeRight";
				LD_RUNPATH_SEARCH_PATHS = (
					"$(inherited)",
					"@executable_path/Frameworks",
				);
				MARKETING_VERSION = 1.0;
				PRODUCT_BUNDLE_IDENTIFIER = "com.bgkkd.sp-transaction-signing";
				PRODUCT_NAME = "$(TARGET_NAME)";
				SWIFT_EMIT_LOC_STRINGS = YES;
				SWIFT_VERSION = 5.0;
				TARGETED_DEVICE_FAMILY = "1,2";
			};
			name = Release;
		};
		3FD991522E1ABA6900445EC2 /* Debug */ = {
			isa = XCBuildConfiguration;
			buildSettings = {
				ALWAYS_SEARCH_USER_PATHS = NO;
				ASSETCATALOG_COMPILER_GENERATE_SWIFT_ASSET_SYMBOL_EXTENSIONS = YES;
				CLANG_ANALYZER_NONNULL = YES;
				CLANG_ANALYZER_NUMBER_OBJECT_CONVERSION = YES_AGGRESSIVE;
				CLANG_CXX_LANGUAGE_STANDARD = "gnu++20";
				CLANG_ENABLE_MODULES = YES;
				CLANG_ENABLE_OBJC_ARC = YES;
				CLANG_ENABLE_OBJC_WEAK = YES;
				CLANG_WARN_BLOCK_CAPTURE_AUTORELEASING = YES;
				CLANG_WARN_BOOL_CONVERSION = YES;
				CLANG_WARN_COMMA = YES;
				CLANG_WARN_CONSTANT_CONVERSION = YES;
				CLANG_WARN_DEPRECATED_OBJC_IMPLEMENTATIONS = YES;
				CLANG_WARN_DIRECT_OBJC_ISA_USAGE = YES_ERROR;
				CLANG_WARN_DOCUMENTATION_COMMENTS = YES;
				CLANG_WARN_EMPTY_BODY = YES;
				CLANG_WARN_ENUM_CONVERSION = YES;
				CLANG_WARN_INFINITE_RECURSION = YES;
				CLANG_WARN_INT_CONVERSION = YES;
				CLANG_WARN_NON_LITERAL_NULL_CONVERSION = YES;
				CLANG_WARN_OBJC_IMPLICIT_RETAIN_SELF = YES;
				CLANG_WARN_OBJC_LITERAL_CONVERSION = YES;
				CLANG_WARN_OBJC_ROOT_CLASS = YES_ERROR;
				CLANG_WARN_QUOTED_INCLUDE_IN_FRAMEWORK_HEADER = YES;
				CLANG_WARN_RANGE_LOOP_ANALYSIS = YES;
				CLANG_WARN_STRICT_PROTOTYPES = YES;
				CLANG_WARN_SUSPICIOUS_MOVE = YES;
				CLANG_WARN_UNGUARDED_AVAILABILITY = YES_AGGRESSIVE;
				CLANG_WARN_UNREACHABLE_CODE = YES;
				CLANG_WARN__DUPLICATE_METHOD_MATCH = YES;
				COPY_PHASE_STRIP = NO;
				DEBUG_INFORMATION_FORMAT = dwarf;
				ENABLE_STRICT_OBJC_MSGSEND = YES;
				ENABLE_TESTABILITY = YES;
				ENABLE_USER_SCRIPT_SANDBOXING = YES;
				GCC_C_LANGUAGE_STANDARD = gnu17;
				GCC_DYNAMIC_NO_PIC = NO;
				GCC_NO_COMMON_BLOCKS = YES;
				GCC_OPTIMIZATION_LEVEL = 0;
				GCC_PREPROCESSOR_DEFINITIONS = (
					"DEBUG=1",
					"$(inherited)",
				);
				GCC_WARN_64_TO_32_BIT_CONVERSION = YES;
				GCC_WARN_ABOUT_RETURN_TYPE = YES_ERROR;
				GCC_WARN_UNDECLARED_SELECTOR = YES;
				GCC_WARN_UNINITIALIZED_AUTOS = YES_AGGRESSIVE;
				GCC_WARN_UNUSED_FUNCTION = YES;
				GCC_WARN_UNUSED_VARIABLE = YES;
				IPHONEOS_DEPLOYMENT_TARGET = 18.5;
				LOCALIZATION_PREFERS_STRING_CATALOGS = YES;
				MTL_ENABLE_DEBUG_INFO = INCLUDE_SOURCE;
				MTL_FAST_MATH = YES;
				ONLY_ACTIVE_ARCH = YES;
				SDKROOT = iphoneos;
				SWIFT_ACTIVE_COMPILATION_CONDITIONS = "DEBUG $(inherited)";
				SWIFT_OPTIMIZATION_LEVEL = "-Onone";
			};
			name = Debug;
		};
		3FD991532E1ABA6900445EC2 /* Release */ = {
			isa = XCBuildConfiguration;
			buildSettings = {
				ALWAYS_SEARCH_USER_PATHS = NO;
				ASSETCATALOG_COMPILER_GENERATE_SWIFT_ASSET_SYMBOL_EXTENSIONS = YES;
				CLANG_ANALYZER_NONNULL = YES;
				CLANG_ANALYZER_NUMBER_OBJECT_CONVERSION = YES_AGGRESSIVE;
				CLANG_CXX_LANGUAGE_STANDARD = "gnu++20";
				CLANG_ENABLE_MODULES = YES;
				CLANG_ENABLE_OBJC_ARC = YES;
				CLANG_ENABLE_OBJC_WEAK = YES;
				CLANG_WARN_BLOCK_CAPTURE_AUTORELEASING = YES;
				CLANG_WARN_BOOL_CONVERSION = YES;
				CLANG_WARN_COMMA = YES;
				CLANG_WARN_CONSTANT_CONVERSION = YES;
				CLANG_WARN_DEPRECATED_OBJC_IMPLEMENTATIONS = YES;
				CLANG_WARN_DIRECT_OBJC_ISA_USAGE = YES_ERROR;
				CLANG_WARN_DOCUMENTATION_COMMENTS = YES;
				CLANG_WARN_EMPTY_BODY = YES;
				CLANG_WARN_ENUM_CONVERSION = YES;
				CLANG_WARN_INFINITE_RECURSION = YES;
				CLANG_WARN_INT_CONVERSION = YES;
				CLANG_WARN_NON_LITERAL_NULL_CONVERSION = YES;
				CLANG_WARN_OBJC_IMPLICIT_RETAIN_SELF = YES;
				CLANG_WARN_OBJC_LITERAL_CONVERSION = YES;
				CLANG_WARN_OBJC_ROOT_CLASS = YES_ERROR;
				CLANG_WARN_QUOTED_INCLUDE_IN_FRAMEWORK_HEADER = YES;
				CLANG_WARN_RANGE_LOOP_ANALYSIS = YES;
				CLANG_WARN_STRICT_PROTOTYPES = YES;
				CLANG_WARN_SUSPICIOUS_MOVE = YES;
				CLANG_WARN_UNGUARDED_AVAILABILITY = YES_AGGRESSIVE;
				CLANG_WARN_UNREACHABLE_CODE = YES;
				CLANG_WARN__DUPLICATE_METHOD_MATCH = YES;
				COPY_PHASE_STRIP = NO;
				DEBUG_INFORMATION_FORMAT = "dwarf-with-dsym";
				ENABLE_NS_ASSERTIONS = NO;
				ENABLE_STRICT_OBJC_MSGSEND = YES;
				ENABLE_USER_SCRIPT_SANDBOXING = YES;
				GCC_C_LANGUAGE_STANDARD = gnu17;
				GCC_NO_COMMON_BLOCKS = YES;
				GCC_WARN_64_TO_32_BIT_CONVERSION = YES;
				GCC_WARN_ABOUT_RETURN_TYPE = YES_ERROR;
				GCC_WARN_UNDECLARED_SELECTOR = YES;
				GCC_WARN_UNINITIALIZED_AUTOS = YES_AGGRESSIVE;
				GCC_WARN_UNUSED_FUNCTION = YES;
				GCC_WARN_UNUSED_VARIABLE = YES;
				IPHONEOS_DEPLOYMENT_TARGET = 18.5;
				LOCALIZATION_PREFERS_STRING_CATALOGS = YES;
				MTL_ENABLE_DEBUG_INFO = NO;
				MTL_FAST_MATH = YES;
				SDKROOT = iphoneos;
				SWIFT_COMPILATION_MODE = wholemodule;
				VALIDATE_PRODUCT = YES;
			};
			name = Release;
		};
		3FD991552E1ABA6900445EC2 /* Debug */ = {
			isa = XCBuildConfiguration;
			buildSettings = {
				BUNDLE_LOADER = "$(TEST_HOST)";
				CODE_SIGN_STYLE = Automatic;
				CURRENT_PROJECT_VERSION = 1;
				GENERATE_INFOPLIST_FILE = YES;
				IPHONEOS_DEPLOYMENT_TARGET = 18.5;
				MARKETING_VERSION = 1.0;
				PRODUCT_BUNDLE_IDENTIFIER = "com.bgkkd.sp-transaction-signingTests";
				PRODUCT_NAME = "$(TARGET_NAME)";
				SWIFT_EMIT_LOC_STRINGS = NO;
				SWIFT_VERSION = 5.0;
				TARGETED_DEVICE_FAMILY = "1,2";
				TEST_HOST = "$(BUILT_PRODUCTS_DIR)/sp_transaction_signing.app/$(BUNDLE_EXECUTABLE_FOLDER_PATH)/sp_transaction_signing";
			};
			name = Debug;
		};
		3FD991562E1ABA6900445EC2 /* Release */ = {
			isa = XCBuildConfiguration;
			buildSettings = {
				BUNDLE_LOADER = "$(TEST_HOST)";
				CODE_SIGN_STYLE = Automatic;
				CURRENT_PROJECT_VERSION = 1;
				GENERATE_INFOPLIST_FILE = YES;
				IPHONEOS_DEPLOYMENT_TARGET = 18.5;
				MARKETING_VERSION = 1.0;
				PRODUCT_BUNDLE_IDENTIFIER = "com.bgkkd.sp-transaction-signingTests";
				PRODUCT_NAME = "$(TARGET_NAME)";
				SWIFT_EMIT_LOC_STRINGS = NO;
				SWIFT_VERSION = 5.0;
				TARGETED_DEVICE_FAMILY = "1,2";
				TEST_HOST = "$(BUILT_PRODUCTS_DIR)/sp_transaction_signing.app/$(BUNDLE_EXECUTABLE_FOLDER_PATH)/sp_transaction_signing";
			};
			name = Release;
		};
		3FD991582E1ABA6900445EC2 /* Debug */ = {
			isa = XCBuildConfiguration;
			buildSettings = {
				CODE_SIGN_STYLE = Automatic;
				CURRENT_PROJECT_VERSION = 1;
				GENERATE_INFOPLIST_FILE = YES;
				MARKETING_VERSION = 1.0;
				PRODUCT_BUNDLE_IDENTIFIER = "com.bgkkd.sp-transaction-signingUITests";
				PRODUCT_NAME = "$(TARGET_NAME)";
				SWIFT_EMIT_LOC_STRINGS = NO;
				SWIFT_VERSION = 5.0;
				TARGETED_DEVICE_FAMILY = "1,2";
				TEST_TARGET_NAME = sp_transaction_signing;
			};
			name = Debug;
		};
		3FD991592E1ABA6900445EC2 /* Release */ = {
			isa = XCBuildConfiguration;
			buildSettings = {
				CODE_SIGN_STYLE = Automatic;
				CURRENT_PROJECT_VERSION = 1;
				GENERATE_INFOPLIST_FILE = YES;
				MARKETING_VERSION = 1.0;
				PRODUCT_BUNDLE_IDENTIFIER = "com.bgkkd.sp-transaction-signingUITests";
				PRODUCT_NAME = "$(TARGET_NAME)";
				SWIFT_EMIT_LOC_STRINGS = NO;
				SWIFT_VERSION = 5.0;
				TARGETED_DEVICE_FAMILY = "1,2";
				TEST_TARGET_NAME = sp_transaction_signing;
			};
			name = Release;
		};
/* End XCBuildConfiguration section */

/* Begin XCConfigurationList section */
		3FD991212E1ABA6700445EC2 /* Build configuration list for PBXProject "sp_transaction_signing" */ = {
			isa = XCConfigurationList;
			buildConfigurations = (
				3FD991522E1ABA6900445EC2 /* Debug */,
				3FD991532E1ABA6900445EC2 /* Release */,
			);
			defaultConfigurationIsVisible = 0;
			defaultConfigurationName = Release;
		};
		3FD9914F2E1ABA6900445EC2 /* Build configuration list for PBXNativeTarget "sp_transaction_signing" */ = {
			isa = XCConfigurationList;
			buildConfigurations = (
				3FD991502E1ABA6900445EC2 /* Debug */,
				3FD991512E1ABA6900445EC2 /* Release */,
			);
			defaultConfigurationIsVisible = 0;
			defaultConfigurationName = Release;
		};
		3FD991542E1ABA6900445EC2 /* Build configuration list for PBXNativeTarget "sp_transaction_signingTests" */ = {
			isa = XCConfigurationList;
			buildConfigurations = (
				3FD991552E1ABA6900445EC2 /* Debug */,
				3FD991562E1ABA6900445EC2 /* Release */,
			);
			defaultConfigurationIsVisible = 0;
			defaultConfigurationName = Release;
		};
		3FD991572E1ABA6900445EC2 /* Build configuration list for PBXNativeTarget "sp_transaction_signingUITests" */ = {
			isa = XCConfigurationList;
			buildConfigurations = (
				3FD991582E1ABA6900445EC2 /* Debug */,
				3FD991592E1ABA6900445EC2 /* Release */,
			);
			defaultConfigurationIsVisible = 0;
			defaultConfigurationName = Release;
		};
/* End XCConfigurationList section */
	};
	rootObject = 3FD9911E2E1ABA6700445EC2 /* Project object */;
}
